{
  "version": 4,
  "terraform_version": "1.4.6",
  "serial": 97,
  "lineage": "aa6cf84e-2aa8-2ca2-7ef9-45bfb83500a9",
  "outputs": {},
  "resources": [
    {
      "mode": "managed",
      "type": "aws_key_pair",
      "name": "deployer",
      "provider": "provider[\"registry.terraform.io/hashicorp/aws\"]",
      "instances": [
        {
          "schema_version": 1,
          "attributes": {
            "arn": "arn:aws:ec2:us-east-1:971111517348:key-pair/deployer-key",
            "fingerprint": "90:65:5a:1a:30:da:b0:e4:d5:45:80:e9:25:ea:4b:fa",
            "id": "deployer-key",
            "key_name": "deployer-key",
            "key_name_prefix": "",
            "key_pair_id": "key-0e478053ceaa9d932",
            "key_type": "rsa",
            "public_key": "ssh-rsa AAAAB3NzaC1yc2EAAAADAQABAAACAQDmToZyTfLxJOHXE7TQI919QFkIl0pSc0RxtiacRy/G2bKATACD+eZMbMUlv6Up0+e2mrUnq9lcc8mIYwM3/bt38xWRlc9wHWKa9KRXohzlSeNXOC9JbLrKSBEm5jbngIqaTiS4oVat/sC9Rvy+U7zillmn/M6BsEeFqDj/Yl7HXG8Dt6W7eYAukIPdJfr1QF+Z1eqvwtgJajnbwIyQC+2VScibu0AmMpw8UZS0j3qyZujI2P6wROp/clDD/71jbjLKDVJUwOX5KU1L+GeTT3dMruGiGAx4+rlhndq41Z6kXIKWoAb2VFEru+WjMGXSF97Vpqlstj5+IFZKGJPD3573e1nb0xIawr0b2Chj/ZXba4GUqxZNFiI/wBDF2Vn9tz5LwLEk4iC7LMxZyCY1Wd2qguH4Xis0OTnHPDPLYNRO6LVn/GPi8I6o4sFSXu5rzpOvy7RPTBwX80iaDu9Mysn19S3Qmi9p2XhaCM5eAQ7w5DyoGHSSrLb8OhAjhf+roqhJnGfFJJxCu3Yxt3k1fop5vZN0XIujcvv1bp7IucM/2eyY9soeMLDNTLJaeQU1vrplzMoSpw7Y5iaquXHOjhROoz6oFlz8fJZjKr3YXY2e6ztYYI4ffK2L5BzdmSqKylufiTXnT7Cwbr+zPvSiHFyaJFzSUw75PZQlItf/wYeiLw==",
            "tags": {},
            "tags_all": {}
          },
          "sensitive_attributes": [],
          "private": "eyJzY2hlbWFfdmVyc2lvbiI6IjEifQ==",
          "dependencies": [
            "tls_private_key.RSA"
          ]
        }
      ]
    },
    {
      "mode": "managed",
      "type": "aws_security_group",
      "name": "alvo-toast",
      "provider": "provider[\"registry.terraform.io/hashicorp/aws\"]",
      "instances": [
        {
          "schema_version": 1,
          "attributes": {
            "arn": "arn:aws:ec2:us-east-1:971111517348:security-group/sg-08cf9bfcd2588f9a4",
            "description": "my security group",
            "egress": [
              {
                "cidr_blocks": [
                  "0.0.0.0/0"
                ],
                "description": "outgoing traffic",
                "from_port": 0,
                "ipv6_cidr_blocks": [
                  "::/0"
                ],
                "prefix_list_ids": [],
                "protocol": "-1",
                "security_groups": [],
                "self": false,
                "to_port": 0
              }
            ],
            "id": "sg-08cf9bfcd2588f9a4",
            "ingress": [
              {
                "cidr_blocks": [
                  "0.0.0.0/0"
                ],
                "description": "HTTP",
                "from_port": 80,
                "ipv6_cidr_blocks": [],
                "prefix_list_ids": [],
                "protocol": "tcp",
                "security_groups": [],
                "self": false,
                "to_port": 80
              },
              {
                "cidr_blocks": [
                  "105.163.1.236/32"
                ],
                "description": "SSH",
                "from_port": 22,
                "ipv6_cidr_blocks": [],
                "prefix_list_ids": [],
                "protocol": "tcp",
                "security_groups": [],
                "self": false,
                "to_port": 22
              }
            ],
            "name": "alvo-toast",
            "name_prefix": "",
            "owner_id": "971111517348",
            "revoke_rules_on_delete": false,
            "tags": {
              "Name": "allow_tls"
            },
            "tags_all": {
              "Name": "allow_tls"
            },
            "timeouts": null,
            "vpc_id": "vpc-01ce8045eaeab4b15"
          },
          "sensitive_attributes": [],
          "private": "eyJlMmJmYjczMC1lY2FhLTExZTYtOGY4OC0zNDM2M2JjN2M0YzAiOnsiY3JlYXRlIjo2MDAwMDAwMDAwMDAsImRlbGV0ZSI6OTAwMDAwMDAwMDAwfSwic2NoZW1hX3ZlcnNpb24iOiIxIn0=",
          "dependencies": [
            "module.vpc.aws_vpc.vpc"
          ]
        }
      ]
    },
    {
      "mode": "managed",
      "type": "local_file",
      "name": "alvo-ssh-keys",
      "provider": "provider[\"registry.terraform.io/hashicorp/local\"]",
      "instances": [
        {
          "schema_version": 0,
          "attributes": {
            "content": "-----BEGIN RSA PRIVATE KEY-----\nMIIJJwIBAAKCAgEA5k6Gck3y8STh1xO00CPdfUBZCJdKUnNEcbYmnEcvxtmygEwA\ng/nmTGzFJb+lKdPntpq1J6vZXHPJiGMDN/27d/MVkZXPcB1imvSkV6Ic5UnjVzgv\nSWy6ykgRJuY254CKmk4kuKFWrf7AvUb8vlO84pZZp/zOgbBHhag4/2Jex1xvA7el\nu3mALpCD3SX69UBfmdXqr8LYCWo528CMkAvtlUnIm7tAJjKcPFGUtI96smboyNj+\nsETqf3JQw/+9Y24yyg1SVMDl+SlNS/hnk093TK7hohgMePq5YZ3auNWepFyClqAG\n9lRRK7vlozBl0hfe1aapbLY+fiBWShiTw9+e93tZ29MSGsK9G9goY/2V22uBlKsW\nTRYiP8AQxdlZ/bc+S8CxJOIguyzMWcgmNVndqoLh+F4rNDk5xzwzy2DUTui1Z/xj\n4vCOqOLBUl7ua86Tr8u0T0wcF/NImg7vTMrJ9fUt0Jovadl4WgjOXgEO8OQ8qBh0\nkqy2/DoQI4X/q6KoSZxnxSScQrt2Mbd5NX6Keb2TdFyLo3L79W6eyLnDP9nsmPbK\nHjCwzUyyWnkFNb66ZczKEqcO2OYmqrlxzo4UTqM+qBZc/HyWYyq92F2Nnus7WGCO\nH3yti+Qc3Zkqispbn4k150+wsG6/sz70ohxcmiRc0lMO+T2UJSLX/8GHoi8CAwEA\nAQKCAgAYJxoQeL5GreCFZsqqnWhID2yG6x7fQLln13t7HjgTeZcvv0i6joWpdCrE\nx7FxjoiZbOYcr/gOqxHynLekspZrgPG9H+HuVxaVO5zUl+rB3Rrbdcf3wlBgkGhE\nFRai9qcSgal2N21YuAPMldpBt5RyiuQCKxAZJ7yIdtjrZ4ybCcWWtTbLT3Wy7HL3\nyVjlSYf9ISMIpb10V1CUDEBxht62rlM8icmzd9FMvh2DRhzPAt3c2mzzXXbeQMXZ\nmENrXw4yhG0i+Evl8n/pvLZYC5huUVTWZAFC2sCATUa35adKg20qkMPKJ5OPq5fs\nolG7U8eJzn2sKfypy4hhIuy0OQp5pOLqc2/ac4sMxw6Z+TbsPEaKgTqYhpImEiGW\nDKc7kD7+CPOkKuREbh2/97ARsq52deZYkwTGSN7pbdosK/9xuV8dQiYE9xzJ7S0p\neZcuqtXW1T50cbnK3cvmPp+exTmg6/sK3gpAGWMaonxRZyQQnu5XzC6uiw9IhwMr\nH1VbWJ8BF0RX3LZD85RPQja5nUvJSYiyaYxSmEOCARJ2L3B2T4a/di+YGMjDrTV6\nFtFhl4Qt0HUmbTp6gPzNgvCNNuUsW0HpDewS1cGXp/wgKMr85dTnmIjqgUoNov0P\nYUISP5PnkTyu36afk7r13yZz1gEdJxrP9ZqRYngPP1yVFeVGsQKCAQEA7MDw7h4V\n9Ngx9p1ml23fQoWJAWoOnmRAdpluvcI9ElYpFjp5IAilpX6jXpsDgqiXtsOoe19v\ny+48vBpoDYg16Gk9flRlTcVHjs0LD/ROaSiYV1zyKH82gFROmQWJRPC/5UYh7WWK\nziBPCSGSx/FhY+eoeDjjCzdwNqC5z2avfCe8V9U1YWckIwG5XfRRbPPriXcWQMWW\nSsnkOHgkX23FKbdpmifZt5MFBFtyvRjdnFTCSNtQnd9QjMji+bhFlnrqg4Ip5fCe\nROBeSIk1v0vyuWN+l9fqaFn6CDNUgrkkrksjsIw0PEZoF0U4DuhD0VeGy9MGPDsl\nC0OF3wiuFY56yQKCAQEA+Qdq3NJtC17i3+PSwgL7VVEp4PsuEqDPCpsNuM19/bh8\nW/Vhp1Wav1qY0lshpbyvaIbPXpe4vpkwtMgTkqG9RKbzgXoWh923OKYSidchTnSH\nC0GV+LuDVza+A3Ugy6wP5fdLaHkKJx9tKQ7xwcINlU21TFWoVwwrpNaxxJWukLfW\nX78tzOMTk33Jtx82YlzDavn9jfvBrB8Pqayl2LCFTd96yjaJvSKIZ5WLPQEmc051\nare1/a4IuQr/l5Hl9PCwbWyMf5Gf0PeiHqp64OLj2UbU2d0XiOOukzeN/hEFgOMJ\nauxeLVIZxQCfiW303dAarOeLyPYPO2L+3N1rR7C5NwKCAQBBkw8oZNzf/CGalO4d\ncykrW6Ee6ykxZcMVFlo95NbVhVfL+FYkMUDwHatSQM0wG1IqJPc9dKmaaloYH5hC\nZz/HJ58IpoeIiuPPAavWt2wgZEYNrIjF/rYxxSgf6hCjL6t27X3oKv/PJ9O8S7hD\n+O9opHldEySPrsM93jaY43Anizn3ee5XFCJGL+wPwePrsYPDh2B6gD+oZ1L28Q/h\n/p1leI+fSvpahjYVht640XJQIonNdDFYCMpetCVp1Ugw7cqWsi64qXSszxhOLvLc\nEUUhZBVkKUGbtZAzRURbELzAKb+w3qR5LWcXSuzD9EEUcpG7Uq+fbyJLhGBH7jeJ\ncPVBAoIBAEYI1v3ZU/9xpP5wNPKJIiPhWpTCLzff77o81wQVDozPWHIINXl48rdE\nBFyMco8I3I/Z8fHZW4SG0pLU/eQsBm2LQko0iqeVLBULZ4VKcjx9OwloXYQBQDPD\n2nZgd2OwNRxoitWLzNYp2WpFoKnsKCPIIeeg42Hvs0p9cqslqV1bxjdRLdFEP1oo\ncxVD+uh4zCCGw88tcU81wRLn0hB5vFOlOQQriFsfnhr7jJgQfb7J3u2vUshQLHXV\n6QG4b2KOWh+7+ltaGgcLzZUwPrSGOqv9ZpkKu7asyYjvg8hjAxg3QYvHg8jdIRAt\nV7CvssC66PWdfMt8n9YExkZZIvWbdssCggEAUZ3Zqsb7FOyAD2zg39ThdgJWSmT/\nILLkbLAPtf0CNrd8GbOLpUtZu57mTCmt4gRc2zz+qIyhf/8DulEOinmr7ZFiHOWp\nidbSsknh8G8Gfxg62JCL31LtMwHATFqiXBQBtl6llJQrN9rZMJ1nCjqqjy+ipOuA\ns4DVYXS4uT1gVQsF7+OmA2DPwc1ZXxgxkeXE19VywAZblrPh6yZGp6t+pxBW2gBj\n2Tex8WrGxqepyLQDjLPOBjjVKF1+UfJla62Z08WCx8T+6NH9Ov/3e4/0A0v3rM0w\nfPq7KSebfG/DiUuzyeIYe7DPD3tiWBfJBafBNPL7DyY9GQOwzRTIaWYQOA==\n-----END RSA PRIVATE KEY-----\n",
            "content_base64": null,
            "content_base64sha256": "cn88mSyKcSfbpr0PJEaAojtiPZis6xxhxTO8c8918ns=",
            "content_base64sha512": "AiIeP4RJOUNBN53XgLO3rCFVZ68PjcvSQGfmJ1MKva9P18IUrBvuPTGCcUOv2dQMRFD4ds317XijEYil0Jrg5Q==",
            "content_md5": "aff7bfafad24b35d93d8549cd8ba0993",
            "content_sha1": "77450f74b588e421010c5fe70d0460dd0432e6c9",
            "content_sha256": "727f3c992c8a7127dba6bd0f244680a23b623d98aceb1c61c533bc73cf75f27b",
            "content_sha512": "02221e3f8449394341379dd780b3b7ac215567af0f8dcbd24067e627530abdaf4fd7c214ac1bee3d31827143afd9d40c4450f876cdf5ed78a31188a5d09ae0e5",
            "directory_permission": "0777",
            "file_permission": "0777",
            "filename": "alvo-ssh-keys",
            "id": "77450f74b588e421010c5fe70d0460dd0432e6c9",
            "sensitive_content": null,
            "source": null
          },
          "sensitive_attributes": [
            [
              {
                "type": "get_attr",
                "value": "content"
              }
            ]
          ],
          "dependencies": [
            "tls_private_key.RSA"
          ]
        }
      ]
    },
    {
      "mode": "managed",
      "type": "tls_private_key",
      "name": "RSA",
      "provider": "provider[\"registry.terraform.io/hashicorp/tls\"]",
      "instances": [
        {
          "schema_version": 1,
          "attributes": {
            "algorithm": "RSA",
            "ecdsa_curve": "P224",
            "id": "b88870d82e030e0def26b779c96b3d6012effc67",
            "private_key_openssh": "-----BEGIN OPENSSH PRIVATE KEY-----\nb3BlbnNzaC1rZXktdjEAAAAABG5vbmUAAAAEbm9uZQAAAAAAAAABAAACFwAAAAdz\nc2gtcnNhAAAAAwEAAQAAAgEA5k6Gck3y8STh1xO00CPdfUBZCJdKUnNEcbYmnEcv\nxtmygEwAg/nmTGzFJb+lKdPntpq1J6vZXHPJiGMDN/27d/MVkZXPcB1imvSkV6Ic\n5UnjVzgvSWy6ykgRJuY254CKmk4kuKFWrf7AvUb8vlO84pZZp/zOgbBHhag4/2Je\nx1xvA7elu3mALpCD3SX69UBfmdXqr8LYCWo528CMkAvtlUnIm7tAJjKcPFGUtI96\nsmboyNj+sETqf3JQw/+9Y24yyg1SVMDl+SlNS/hnk093TK7hohgMePq5YZ3auNWe\npFyClqAG9lRRK7vlozBl0hfe1aapbLY+fiBWShiTw9+e93tZ29MSGsK9G9goY/2V\n22uBlKsWTRYiP8AQxdlZ/bc+S8CxJOIguyzMWcgmNVndqoLh+F4rNDk5xzwzy2DU\nTui1Z/xj4vCOqOLBUl7ua86Tr8u0T0wcF/NImg7vTMrJ9fUt0Jovadl4WgjOXgEO\n8OQ8qBh0kqy2/DoQI4X/q6KoSZxnxSScQrt2Mbd5NX6Keb2TdFyLo3L79W6eyLnD\nP9nsmPbKHjCwzUyyWnkFNb66ZczKEqcO2OYmqrlxzo4UTqM+qBZc/HyWYyq92F2N\nnus7WGCOH3yti+Qc3Zkqispbn4k150+wsG6/sz70ohxcmiRc0lMO+T2UJSLX/8GH\noi8AAAc45B+k7OQfpOwAAAAHc3NoLXJzYQAAAgEA5k6Gck3y8STh1xO00CPdfUBZ\nCJdKUnNEcbYmnEcvxtmygEwAg/nmTGzFJb+lKdPntpq1J6vZXHPJiGMDN/27d/MV\nkZXPcB1imvSkV6Ic5UnjVzgvSWy6ykgRJuY254CKmk4kuKFWrf7AvUb8vlO84pZZ\np/zOgbBHhag4/2Jex1xvA7elu3mALpCD3SX69UBfmdXqr8LYCWo528CMkAvtlUnI\nm7tAJjKcPFGUtI96smboyNj+sETqf3JQw/+9Y24yyg1SVMDl+SlNS/hnk093TK7h\nohgMePq5YZ3auNWepFyClqAG9lRRK7vlozBl0hfe1aapbLY+fiBWShiTw9+e93tZ\n29MSGsK9G9goY/2V22uBlKsWTRYiP8AQxdlZ/bc+S8CxJOIguyzMWcgmNVndqoLh\n+F4rNDk5xzwzy2DUTui1Z/xj4vCOqOLBUl7ua86Tr8u0T0wcF/NImg7vTMrJ9fUt\n0Jovadl4WgjOXgEO8OQ8qBh0kqy2/DoQI4X/q6KoSZxnxSScQrt2Mbd5NX6Keb2T\ndFyLo3L79W6eyLnDP9nsmPbKHjCwzUyyWnkFNb66ZczKEqcO2OYmqrlxzo4UTqM+\nqBZc/HyWYyq92F2Nnus7WGCOH3yti+Qc3Zkqispbn4k150+wsG6/sz70ohxcmiRc\n0lMO+T2UJSLX/8GHoi8AAAADAQABAAACABgnGhB4vkat4IVmyqqdaEgPbIbrHt9A\nuWfXe3seOBN5ly+/SLqOhal0KsTHsXGOiJls5hyv+A6rEfKct6SylmuA8b0f4e5X\nFpU7nNSX6sHdGtt1x/fCUGCQaEQVFqL2pxKBqXY3bVi4A8yV2kG3lHKK5AIrEBkn\nvIh22OtnjJsJxZa1NstPdbLscvfJWOVJh/0hIwilvXRXUJQMQHGG3rauUzyJybN3\n0Uy+HYNGHM8C3dzabPNddt5AxdmYQ2tfDjKEbSL4S+Xyf+m8tlgLmG5RVNZkAULa\nwIBNRrflp0qDbSqQw8onk4+rl+yiUbtTx4nOfawp/KnLiGEi7LQ5Cnmk4upzb9pz\niwzHDpn5Nuw8RoqBOpiGkiYSIZYMpzuQPv4I86Qq5ERuHb/3sBGyrnZ15liTBMZI\n3ult2iwr/3G5Xx1CJgT3HMntLSl5ly6q1dbVPnRxucrdy+Y+n57FOaDr+wreCkAZ\nYxqifFFnJBCe7lfMLq6LD0iHAysfVVtYnwEXRFfctkPzlE9CNrmdS8lJiLJpjFKY\nQ4IBEnYvcHZPhr92L5gYyMOtNXoW0WGXhC3QdSZtOnqA/M2C8I025SxbQekN7BLV\nwZen/CAoyvzl1OeYiOqBSg2i/Q9hQhI/k+eRPK7fpp+TuvXfJnPWAR0nGs/1mpFi\neA8/XJUV5UaxAAABAFGd2arG+xTsgA9s4N/U4XYCVkpk/yCy5GywD7X9Aja3fBmz\ni6VLWbue5kwpreIEXNs8/qiMoX//A7pRDop5q+2RYhzlqYnW0rJJ4fBvBn8YOtiQ\ni99S7TMBwExaolwUAbZepZSUKzfa2TCdZwo6qo8voqTrgLOA1WF0uLk9YFULBe/j\npgNgz8HNWV8YMZHlxNfVcsAGW5az4esmRqerfqcQVtoAY9k3sfFqxsanqci0A4yz\nzgY41ShdflHyZWutmdPFgsfE/ujR/Tr/93uP9ANL96zNMHz6uyknm3xvw4lLs8ni\nGHuwzw97YlgXyQWnwTTy+w8mPRkDsM0UyGlmEDgAAAEBAOzA8O4eFfTYMfadZpdt\n30KFiQFqDp5kQHaZbr3CPRJWKRY6eSAIpaV+o16bA4Kol7bDqHtfb8vuPLwaaA2I\nNehpPX5UZU3FR47NCw/0TmkomFdc8ih/NoBUTpkFiUTwv+VGIe1lis4gTwkhksfx\nYWPnqHg44ws3cDaguc9mr3wnvFfVNWFnJCMBuV30UWzz64l3FkDFlkrJ5Dh4JF9t\nxSm3aZon2beTBQRbcr0Y3ZxUwkjbUJ3fUIzI4vm4RZZ66oOCKeXwnkTgXkiJNb9L\n8rljfpfX6mhZ+ggzVIK5JK5LI7CMNDxGaBdFOA7oQ9FXhsvTBjw7JQtDhd8IrhWO\neskAAAEBAPkHatzSbQte4t/j0sIC+1VRKeD7LhKgzwqbDbjNff24fFv1YadVmr9a\nmNJbIaW8r2iGz16XuL6ZMLTIE5KhvUSm84F6FofdtzimEonXIU50hwtBlfi7g1c2\nvgN1IMusD+X3S2h5CicfbSkO8cHCDZVNtUxVqFcMK6TWscSVrpC31l+/LczjE5N9\nybcfNmJcw2r5/Y37wawfD6mspdiwhU3feso2ib0iiGeViz0BJnNOdWq3tf2uCLkK\n/5eR5fTwsG1sjH+Rn9D3oh6qeuDi49lG1NndF4jjrpM3jf4RBYDjCWrsXi1SGcUA\nn4lt9N3QGqzni8j2Dzti/tzda0ewuTcAAAAAAQID\n-----END OPENSSH PRIVATE KEY-----\n",
            "private_key_pem": "-----BEGIN RSA PRIVATE KEY-----\nMIIJJwIBAAKCAgEA5k6Gck3y8STh1xO00CPdfUBZCJdKUnNEcbYmnEcvxtmygEwA\ng/nmTGzFJb+lKdPntpq1J6vZXHPJiGMDN/27d/MVkZXPcB1imvSkV6Ic5UnjVzgv\nSWy6ykgRJuY254CKmk4kuKFWrf7AvUb8vlO84pZZp/zOgbBHhag4/2Jex1xvA7el\nu3mALpCD3SX69UBfmdXqr8LYCWo528CMkAvtlUnIm7tAJjKcPFGUtI96smboyNj+\nsETqf3JQw/+9Y24yyg1SVMDl+SlNS/hnk093TK7hohgMePq5YZ3auNWepFyClqAG\n9lRRK7vlozBl0hfe1aapbLY+fiBWShiTw9+e93tZ29MSGsK9G9goY/2V22uBlKsW\nTRYiP8AQxdlZ/bc+S8CxJOIguyzMWcgmNVndqoLh+F4rNDk5xzwzy2DUTui1Z/xj\n4vCOqOLBUl7ua86Tr8u0T0wcF/NImg7vTMrJ9fUt0Jovadl4WgjOXgEO8OQ8qBh0\nkqy2/DoQI4X/q6KoSZxnxSScQrt2Mbd5NX6Keb2TdFyLo3L79W6eyLnDP9nsmPbK\nHjCwzUyyWnkFNb66ZczKEqcO2OYmqrlxzo4UTqM+qBZc/HyWYyq92F2Nnus7WGCO\nH3yti+Qc3Zkqispbn4k150+wsG6/sz70ohxcmiRc0lMO+T2UJSLX/8GHoi8CAwEA\nAQKCAgAYJxoQeL5GreCFZsqqnWhID2yG6x7fQLln13t7HjgTeZcvv0i6joWpdCrE\nx7FxjoiZbOYcr/gOqxHynLekspZrgPG9H+HuVxaVO5zUl+rB3Rrbdcf3wlBgkGhE\nFRai9qcSgal2N21YuAPMldpBt5RyiuQCKxAZJ7yIdtjrZ4ybCcWWtTbLT3Wy7HL3\nyVjlSYf9ISMIpb10V1CUDEBxht62rlM8icmzd9FMvh2DRhzPAt3c2mzzXXbeQMXZ\nmENrXw4yhG0i+Evl8n/pvLZYC5huUVTWZAFC2sCATUa35adKg20qkMPKJ5OPq5fs\nolG7U8eJzn2sKfypy4hhIuy0OQp5pOLqc2/ac4sMxw6Z+TbsPEaKgTqYhpImEiGW\nDKc7kD7+CPOkKuREbh2/97ARsq52deZYkwTGSN7pbdosK/9xuV8dQiYE9xzJ7S0p\neZcuqtXW1T50cbnK3cvmPp+exTmg6/sK3gpAGWMaonxRZyQQnu5XzC6uiw9IhwMr\nH1VbWJ8BF0RX3LZD85RPQja5nUvJSYiyaYxSmEOCARJ2L3B2T4a/di+YGMjDrTV6\nFtFhl4Qt0HUmbTp6gPzNgvCNNuUsW0HpDewS1cGXp/wgKMr85dTnmIjqgUoNov0P\nYUISP5PnkTyu36afk7r13yZz1gEdJxrP9ZqRYngPP1yVFeVGsQKCAQEA7MDw7h4V\n9Ngx9p1ml23fQoWJAWoOnmRAdpluvcI9ElYpFjp5IAilpX6jXpsDgqiXtsOoe19v\ny+48vBpoDYg16Gk9flRlTcVHjs0LD/ROaSiYV1zyKH82gFROmQWJRPC/5UYh7WWK\nziBPCSGSx/FhY+eoeDjjCzdwNqC5z2avfCe8V9U1YWckIwG5XfRRbPPriXcWQMWW\nSsnkOHgkX23FKbdpmifZt5MFBFtyvRjdnFTCSNtQnd9QjMji+bhFlnrqg4Ip5fCe\nROBeSIk1v0vyuWN+l9fqaFn6CDNUgrkkrksjsIw0PEZoF0U4DuhD0VeGy9MGPDsl\nC0OF3wiuFY56yQKCAQEA+Qdq3NJtC17i3+PSwgL7VVEp4PsuEqDPCpsNuM19/bh8\nW/Vhp1Wav1qY0lshpbyvaIbPXpe4vpkwtMgTkqG9RKbzgXoWh923OKYSidchTnSH\nC0GV+LuDVza+A3Ugy6wP5fdLaHkKJx9tKQ7xwcINlU21TFWoVwwrpNaxxJWukLfW\nX78tzOMTk33Jtx82YlzDavn9jfvBrB8Pqayl2LCFTd96yjaJvSKIZ5WLPQEmc051\nare1/a4IuQr/l5Hl9PCwbWyMf5Gf0PeiHqp64OLj2UbU2d0XiOOukzeN/hEFgOMJ\nauxeLVIZxQCfiW303dAarOeLyPYPO2L+3N1rR7C5NwKCAQBBkw8oZNzf/CGalO4d\ncykrW6Ee6ykxZcMVFlo95NbVhVfL+FYkMUDwHatSQM0wG1IqJPc9dKmaaloYH5hC\nZz/HJ58IpoeIiuPPAavWt2wgZEYNrIjF/rYxxSgf6hCjL6t27X3oKv/PJ9O8S7hD\n+O9opHldEySPrsM93jaY43Anizn3ee5XFCJGL+wPwePrsYPDh2B6gD+oZ1L28Q/h\n/p1leI+fSvpahjYVht640XJQIonNdDFYCMpetCVp1Ugw7cqWsi64qXSszxhOLvLc\nEUUhZBVkKUGbtZAzRURbELzAKb+w3qR5LWcXSuzD9EEUcpG7Uq+fbyJLhGBH7jeJ\ncPVBAoIBAEYI1v3ZU/9xpP5wNPKJIiPhWpTCLzff77o81wQVDozPWHIINXl48rdE\nBFyMco8I3I/Z8fHZW4SG0pLU/eQsBm2LQko0iqeVLBULZ4VKcjx9OwloXYQBQDPD\n2nZgd2OwNRxoitWLzNYp2WpFoKnsKCPIIeeg42Hvs0p9cqslqV1bxjdRLdFEP1oo\ncxVD+uh4zCCGw88tcU81wRLn0hB5vFOlOQQriFsfnhr7jJgQfb7J3u2vUshQLHXV\n6QG4b2KOWh+7+ltaGgcLzZUwPrSGOqv9ZpkKu7asyYjvg8hjAxg3QYvHg8jdIRAt\nV7CvssC66PWdfMt8n9YExkZZIvWbdssCggEAUZ3Zqsb7FOyAD2zg39ThdgJWSmT/\nILLkbLAPtf0CNrd8GbOLpUtZu57mTCmt4gRc2zz+qIyhf/8DulEOinmr7ZFiHOWp\nidbSsknh8G8Gfxg62JCL31LtMwHATFqiXBQBtl6llJQrN9rZMJ1nCjqqjy+ipOuA\ns4DVYXS4uT1gVQsF7+OmA2DPwc1ZXxgxkeXE19VywAZblrPh6yZGp6t+pxBW2gBj\n2Tex8WrGxqepyLQDjLPOBjjVKF1+UfJla62Z08WCx8T+6NH9Ov/3e4/0A0v3rM0w\nfPq7KSebfG/DiUuzyeIYe7DPD3tiWBfJBafBNPL7DyY9GQOwzRTIaWYQOA==\n-----END RSA PRIVATE KEY-----\n",
            "private_key_pem_pkcs8": "-----BEGIN PRIVATE KEY-----\nMIIJQQIBADANBgkqhkiG9w0BAQEFAASCCSswggknAgEAAoICAQDmToZyTfLxJOHX\nE7TQI919QFkIl0pSc0RxtiacRy/G2bKATACD+eZMbMUlv6Up0+e2mrUnq9lcc8mI\nYwM3/bt38xWRlc9wHWKa9KRXohzlSeNXOC9JbLrKSBEm5jbngIqaTiS4oVat/sC9\nRvy+U7zillmn/M6BsEeFqDj/Yl7HXG8Dt6W7eYAukIPdJfr1QF+Z1eqvwtgJajnb\nwIyQC+2VScibu0AmMpw8UZS0j3qyZujI2P6wROp/clDD/71jbjLKDVJUwOX5KU1L\n+GeTT3dMruGiGAx4+rlhndq41Z6kXIKWoAb2VFEru+WjMGXSF97Vpqlstj5+IFZK\nGJPD3573e1nb0xIawr0b2Chj/ZXba4GUqxZNFiI/wBDF2Vn9tz5LwLEk4iC7LMxZ\nyCY1Wd2qguH4Xis0OTnHPDPLYNRO6LVn/GPi8I6o4sFSXu5rzpOvy7RPTBwX80ia\nDu9Mysn19S3Qmi9p2XhaCM5eAQ7w5DyoGHSSrLb8OhAjhf+roqhJnGfFJJxCu3Yx\nt3k1fop5vZN0XIujcvv1bp7IucM/2eyY9soeMLDNTLJaeQU1vrplzMoSpw7Y5iaq\nuXHOjhROoz6oFlz8fJZjKr3YXY2e6ztYYI4ffK2L5BzdmSqKylufiTXnT7Cwbr+z\nPvSiHFyaJFzSUw75PZQlItf/wYeiLwIDAQABAoICABgnGhB4vkat4IVmyqqdaEgP\nbIbrHt9AuWfXe3seOBN5ly+/SLqOhal0KsTHsXGOiJls5hyv+A6rEfKct6SylmuA\n8b0f4e5XFpU7nNSX6sHdGtt1x/fCUGCQaEQVFqL2pxKBqXY3bVi4A8yV2kG3lHKK\n5AIrEBknvIh22OtnjJsJxZa1NstPdbLscvfJWOVJh/0hIwilvXRXUJQMQHGG3rau\nUzyJybN30Uy+HYNGHM8C3dzabPNddt5AxdmYQ2tfDjKEbSL4S+Xyf+m8tlgLmG5R\nVNZkAULawIBNRrflp0qDbSqQw8onk4+rl+yiUbtTx4nOfawp/KnLiGEi7LQ5Cnmk\n4upzb9pziwzHDpn5Nuw8RoqBOpiGkiYSIZYMpzuQPv4I86Qq5ERuHb/3sBGyrnZ1\n5liTBMZI3ult2iwr/3G5Xx1CJgT3HMntLSl5ly6q1dbVPnRxucrdy+Y+n57FOaDr\n+wreCkAZYxqifFFnJBCe7lfMLq6LD0iHAysfVVtYnwEXRFfctkPzlE9CNrmdS8lJ\niLJpjFKYQ4IBEnYvcHZPhr92L5gYyMOtNXoW0WGXhC3QdSZtOnqA/M2C8I025Sxb\nQekN7BLVwZen/CAoyvzl1OeYiOqBSg2i/Q9hQhI/k+eRPK7fpp+TuvXfJnPWAR0n\nGs/1mpFieA8/XJUV5UaxAoIBAQDswPDuHhX02DH2nWaXbd9ChYkBag6eZEB2mW69\nwj0SVikWOnkgCKWlfqNemwOCqJe2w6h7X2/L7jy8GmgNiDXoaT1+VGVNxUeOzQsP\n9E5pKJhXXPIofzaAVE6ZBYlE8L/lRiHtZYrOIE8JIZLH8WFj56h4OOMLN3A2oLnP\nZq98J7xX1TVhZyQjAbld9FFs8+uJdxZAxZZKyeQ4eCRfbcUpt2maJ9m3kwUEW3K9\nGN2cVMJI21Cd31CMyOL5uEWWeuqDginl8J5E4F5IiTW/S/K5Y36X1+poWfoIM1SC\nuSSuSyOwjDQ8RmgXRTgO6EPRV4bL0wY8OyULQ4XfCK4VjnrJAoIBAQD5B2rc0m0L\nXuLf49LCAvtVUSng+y4SoM8Kmw24zX39uHxb9WGnVZq/WpjSWyGlvK9ohs9el7i+\nmTC0yBOSob1EpvOBehaH3bc4phKJ1yFOdIcLQZX4u4NXNr4DdSDLrA/l90toeQon\nH20pDvHBwg2VTbVMVahXDCuk1rHEla6Qt9Zfvy3M4xOTfcm3HzZiXMNq+f2N+8Gs\nHw+prKXYsIVN33rKNom9IohnlYs9ASZzTnVqt7X9rgi5Cv+XkeX08LBtbIx/kZ/Q\n96Ieqnrg4uPZRtTZ3ReI466TN43+EQWA4wlq7F4tUhnFAJ+JbfTd0Bqs54vI9g87\nYv7c3WtHsLk3AoIBAEGTDyhk3N/8IZqU7h1zKStboR7rKTFlwxUWWj3k1tWFV8v4\nViQxQPAdq1JAzTAbUiok9z10qZpqWhgfmEJnP8cnnwimh4iK488Bq9a3bCBkRg2s\niMX+tjHFKB/qEKMvq3btfegq/88n07xLuEP472ikeV0TJI+uwz3eNpjjcCeLOfd5\n7lcUIkYv7A/B4+uxg8OHYHqAP6hnUvbxD+H+nWV4j59K+lqGNhWG3rjRclAiic10\nMVgIyl60JWnVSDDtypayLripdKzPGE4u8twRRSFkFWQpQZu1kDNFRFsQvMApv7De\npHktZxdK7MP0QRRykbtSr59vIkuEYEfuN4lw9UECggEARgjW/dlT/3Gk/nA08oki\nI+FalMIvN9/vujzXBBUOjM9Ycgg1eXjyt0QEXIxyjwjcj9nx8dlbhIbSktT95CwG\nbYtCSjSKp5UsFQtnhUpyPH07CWhdhAFAM8PadmB3Y7A1HGiK1YvM1inZakWgqewo\nI8gh56DjYe+zSn1yqyWpXVvGN1Et0UQ/WihzFUP66HjMIIbDzy1xTzXBEufSEHm8\nU6U5BCuIWx+eGvuMmBB9vsne7a9SyFAsddXpAbhvYo5aH7v6W1oaBwvNlTA+tIY6\nq/1mmQq7tqzJiO+DyGMDGDdBi8eDyN0hEC1XsK+ywLro9Z18y3yf1gTGRlki9Zt2\nywKCAQBRndmqxvsU7IAPbODf1OF2AlZKZP8gsuRssA+1/QI2t3wZs4ulS1m7nuZM\nKa3iBFzbPP6ojKF//wO6UQ6KeavtkWIc5amJ1tKySeHwbwZ/GDrYkIvfUu0zAcBM\nWqJcFAG2XqWUlCs32tkwnWcKOqqPL6Kk64CzgNVhdLi5PWBVCwXv46YDYM/BzVlf\nGDGR5cTX1XLABluWs+HrJkanq36nEFbaAGPZN7HxasbGp6nItAOMs84GONUoXX5R\n8mVrrZnTxYLHxP7o0f06//d7j/QDS/eszTB8+rspJ5t8b8OJS7PJ4hh7sM8Pe2JY\nF8kFp8E08vsPJj0ZA7DNFMhpZhA4\n-----END PRIVATE KEY-----\n",
            "public_key_fingerprint_md5": "ff:f3:9a:4e:16:0f:78:19:95:3d:50:06:26:a0:5f:1d",
            "public_key_fingerprint_sha256": "SHA256:RufQUHVYVAAfXwyXhMVWJzsqE8A/HlNPwmXC/8o/jrg",
            "public_key_openssh": "ssh-rsa AAAAB3NzaC1yc2EAAAADAQABAAACAQDmToZyTfLxJOHXE7TQI919QFkIl0pSc0RxtiacRy/G2bKATACD+eZMbMUlv6Up0+e2mrUnq9lcc8mIYwM3/bt38xWRlc9wHWKa9KRXohzlSeNXOC9JbLrKSBEm5jbngIqaTiS4oVat/sC9Rvy+U7zillmn/M6BsEeFqDj/Yl7HXG8Dt6W7eYAukIPdJfr1QF+Z1eqvwtgJajnbwIyQC+2VScibu0AmMpw8UZS0j3qyZujI2P6wROp/clDD/71jbjLKDVJUwOX5KU1L+GeTT3dMruGiGAx4+rlhndq41Z6kXIKWoAb2VFEru+WjMGXSF97Vpqlstj5+IFZKGJPD3573e1nb0xIawr0b2Chj/ZXba4GUqxZNFiI/wBDF2Vn9tz5LwLEk4iC7LMxZyCY1Wd2qguH4Xis0OTnHPDPLYNRO6LVn/GPi8I6o4sFSXu5rzpOvy7RPTBwX80iaDu9Mysn19S3Qmi9p2XhaCM5eAQ7w5DyoGHSSrLb8OhAjhf+roqhJnGfFJJxCu3Yxt3k1fop5vZN0XIujcvv1bp7IucM/2eyY9soeMLDNTLJaeQU1vrplzMoSpw7Y5iaquXHOjhROoz6oFlz8fJZjKr3YXY2e6ztYYI4ffK2L5BzdmSqKylufiTXnT7Cwbr+zPvSiHFyaJFzSUw75PZQlItf/wYeiLw==\n",
            "public_key_pem": "-----BEGIN PUBLIC KEY-----\nMIICIjANBgkqhkiG9w0BAQEFAAOCAg8AMIICCgKCAgEA5k6Gck3y8STh1xO00CPd\nfUBZCJdKUnNEcbYmnEcvxtmygEwAg/nmTGzFJb+lKdPntpq1J6vZXHPJiGMDN/27\nd/MVkZXPcB1imvSkV6Ic5UnjVzgvSWy6ykgRJuY254CKmk4kuKFWrf7AvUb8vlO8\n4pZZp/zOgbBHhag4/2Jex1xvA7elu3mALpCD3SX69UBfmdXqr8LYCWo528CMkAvt\nlUnIm7tAJjKcPFGUtI96smboyNj+sETqf3JQw/+9Y24yyg1SVMDl+SlNS/hnk093\nTK7hohgMePq5YZ3auNWepFyClqAG9lRRK7vlozBl0hfe1aapbLY+fiBWShiTw9+e\n93tZ29MSGsK9G9goY/2V22uBlKsWTRYiP8AQxdlZ/bc+S8CxJOIguyzMWcgmNVnd\nqoLh+F4rNDk5xzwzy2DUTui1Z/xj4vCOqOLBUl7ua86Tr8u0T0wcF/NImg7vTMrJ\n9fUt0Jovadl4WgjOXgEO8OQ8qBh0kqy2/DoQI4X/q6KoSZxnxSScQrt2Mbd5NX6K\neb2TdFyLo3L79W6eyLnDP9nsmPbKHjCwzUyyWnkFNb66ZczKEqcO2OYmqrlxzo4U\nTqM+qBZc/HyWYyq92F2Nnus7WGCOH3yti+Qc3Zkqispbn4k150+wsG6/sz70ohxc\nmiRc0lMO+T2UJSLX/8GHoi8CAwEAAQ==\n-----END PUBLIC KEY-----\n",
            "rsa_bits": 4096
          },
          "sensitive_attributes": []
        }
      ]
    },
    {
      "module": "module.vpc",
      "mode": "data",
      "type": "aws_availability_zones",
      "name": "available_zones",
      "provider": "provider[\"registry.terraform.io/hashicorp/aws\"]",
      "instances": [
        {
          "schema_version": 0,
          "attributes": {
            "all_availability_zones": null,
            "exclude_names": null,
            "exclude_zone_ids": null,
            "filter": null,
            "group_names": [
              "us-east-1"
            ],
            "id": "us-east-1",
            "names": [
              "us-east-1a",
              "us-east-1b",
              "us-east-1c",
              "us-east-1d",
              "us-east-1e",
              "us-east-1f"
            ],
            "state": null,
            "timeouts": null,
            "zone_ids": [
              "use1-az1",
              "use1-az2",
              "use1-az4",
              "use1-az6",
              "use1-az3",
              "use1-az5"
            ]
          },
          "sensitive_attributes": []
        }
      ]
    },
    {
      "module": "module.vpc",
      "mode": "managed",
      "type": "aws_internet_gateway",
      "name": "internet_gateway",
      "provider": "provider[\"registry.terraform.io/hashicorp/aws\"]",
      "instances": [
        {
          "schema_version": 0,
          "attributes": {
            "arn": "arn:aws:ec2:us-east-1:971111517348:internet-gateway/igw-090284a0d66195563",
            "id": "igw-090284a0d66195563",
            "owner_id": "971111517348",
            "tags": {
              "Name": "toast-Dev-igw"
            },
            "tags_all": {
              "Name": "toast-Dev-igw"
            },
            "timeouts": null,
            "vpc_id": "vpc-01ce8045eaeab4b15"
          },
          "sensitive_attributes": [],
          "private": "eyJlMmJmYjczMC1lY2FhLTExZTYtOGY4OC0zNDM2M2JjN2M0YzAiOnsiY3JlYXRlIjoxMjAwMDAwMDAwMDAwLCJkZWxldGUiOjEyMDAwMDAwMDAwMDAsInVwZGF0ZSI6MTIwMDAwMDAwMDAwMH19",
          "dependencies": [
            "module.vpc.aws_vpc.vpc"
          ]
        }
      ]
    },
    {
      "module": "module.vpc",
      "mode": "managed",
      "type": "aws_route_table",
      "name": "public_route_table",
      "provider": "provider[\"registry.terraform.io/hashicorp/aws\"]",
      "instances": [
        {
          "schema_version": 0,
          "attributes": {
            "arn": "arn:aws:ec2:us-east-1:971111517348:route-table/rtb-0f5612b6dd8fb9f14",
            "id": "rtb-0f5612b6dd8fb9f14",
            "owner_id": "971111517348",
            "propagating_vgws": [],
            "route": [
              {
                "carrier_gateway_id": "",
                "cidr_block": "0.0.0.0/0",
                "core_network_arn": "",
                "destination_prefix_list_id": "",
                "egress_only_gateway_id": "",
                "gateway_id": "igw-090284a0d66195563",
                "ipv6_cidr_block": "",
                "local_gateway_id": "",
                "nat_gateway_id": "",
                "network_interface_id": "",
                "transit_gateway_id": "",
                "vpc_endpoint_id": "",
                "vpc_peering_connection_id": ""
              }
            ],
            "tags": {
              "Name": "toast-Dev-public-rt"
            },
            "tags_all": {
              "Name": "toast-Dev-public-rt"
            },
            "timeouts": null,
            "vpc_id": "vpc-01ce8045eaeab4b15"
          },
          "sensitive_attributes": [],
          "private": "eyJlMmJmYjczMC1lY2FhLTExZTYtOGY4OC0zNDM2M2JjN2M0YzAiOnsiY3JlYXRlIjozMDAwMDAwMDAwMDAsImRlbGV0ZSI6MzAwMDAwMDAwMDAwLCJ1cGRhdGUiOjEyMDAwMDAwMDAwMH19",
          "dependencies": [
            "module.vpc.aws_internet_gateway.internet_gateway",
            "module.vpc.aws_vpc.vpc"
          ]
        }
      ]
    },
    {
      "module": "module.vpc",
      "mode": "managed",
      "type": "aws_route_table_association",
      "name": "public_subnet_2_rt_association",
      "provider": "provider[\"registry.terraform.io/hashicorp/aws\"]",
      "instances": [
        {
          "schema_version": 0,
          "attributes": {
            "gateway_id": "",
            "id": "rtbassoc-061079ae1f4351840",
            "route_table_id": "rtb-0f5612b6dd8fb9f14",
            "subnet_id": "subnet-06d1f3b3f000cab80",
            "timeouts": null
          },
          "sensitive_attributes": [],
          "private": "eyJlMmJmYjczMC1lY2FhLTExZTYtOGY4OC0zNDM2M2JjN2M0YzAiOnsiY3JlYXRlIjozMDAwMDAwMDAwMDAsImRlbGV0ZSI6MzAwMDAwMDAwMDAwLCJ1cGRhdGUiOjEyMDAwMDAwMDAwMH19",
          "dependencies": [
            "module.vpc.aws_internet_gateway.internet_gateway",
            "module.vpc.aws_route_table.public_route_table",
            "module.vpc.aws_subnet.public_subnet_az2",
            "module.vpc.aws_vpc.vpc",
            "module.vpc.data.aws_availability_zones.available_zones"
          ]
        }
      ]
    },
    {
      "module": "module.vpc",
      "mode": "managed",
      "type": "aws_route_table_association",
      "name": "public_subnet_az1_rt_association",
      "provider": "provider[\"registry.terraform.io/hashicorp/aws\"]",
      "instances": [
        {
          "schema_version": 0,
          "attributes": {
            "gateway_id": "",
            "id": "rtbassoc-013508940baa0c6bc",
            "route_table_id": "rtb-0f5612b6dd8fb9f14",
            "subnet_id": "subnet-09add024138e674b1",
            "timeouts": null
          },
          "sensitive_attributes": [],
          "private": "eyJlMmJmYjczMC1lY2FhLTExZTYtOGY4OC0zNDM2M2JjN2M0YzAiOnsiY3JlYXRlIjozMDAwMDAwMDAwMDAsImRlbGV0ZSI6MzAwMDAwMDAwMDAwLCJ1cGRhdGUiOjEyMDAwMDAwMDAwMH19",
          "dependencies": [
            "module.vpc.aws_internet_gateway.internet_gateway",
            "module.vpc.aws_route_table.public_route_table",
            "module.vpc.aws_subnet.public_subnet_az1",
            "module.vpc.aws_vpc.vpc",
            "module.vpc.data.aws_availability_zones.available_zones"
          ]
        }
      ]
    },
    {
      "module": "module.vpc",
      "mode": "managed",
      "type": "aws_subnet",
      "name": "private_app_subnet_az1",
      "provider": "provider[\"registry.terraform.io/hashicorp/aws\"]",
      "instances": [
        {
          "schema_version": 1,
          "attributes": {
            "arn": "arn:aws:ec2:us-east-1:971111517348:subnet/subnet-0e233d9e19383f02b",
            "assign_ipv6_address_on_creation": false,
            "availability_zone": "us-east-1a",
            "availability_zone_id": "use1-az1",
            "cidr_block": "10.0.20.0/24",
            "customer_owned_ipv4_pool": "",
            "enable_dns64": false,
            "enable_lni_at_device_index": 0,
            "enable_resource_name_dns_a_record_on_launch": false,
            "enable_resource_name_dns_aaaa_record_on_launch": false,
            "id": "subnet-0e233d9e19383f02b",
            "ipv6_cidr_block": "",
            "ipv6_cidr_block_association_id": "",
            "ipv6_native": false,
            "map_customer_owned_ip_on_launch": false,
            "map_public_ip_on_launch": false,
            "outpost_arn": "",
            "owner_id": "971111517348",
            "private_dns_hostname_type_on_launch": "ip-name",
            "tags": {
              "Name": "toast-Dev-private-app-az1"
            },
            "tags_all": {
              "Name": "toast-Dev-private-app-az1"
            },
            "timeouts": null,
            "vpc_id": "vpc-01ce8045eaeab4b15"
          },
          "sensitive_attributes": [],
          "private": "eyJlMmJmYjczMC1lY2FhLTExZTYtOGY4OC0zNDM2M2JjN2M0YzAiOnsiY3JlYXRlIjo2MDAwMDAwMDAwMDAsImRlbGV0ZSI6MTIwMDAwMDAwMDAwMH0sInNjaGVtYV92ZXJzaW9uIjoiMSJ9",
          "dependencies": [
            "module.vpc.aws_vpc.vpc",
            "module.vpc.data.aws_availability_zones.available_zones"
          ]
        }
      ]
    },
    {
      "module": "module.vpc",
      "mode": "managed",
      "type": "aws_subnet",
      "name": "private_app_subnet_az2",
      "provider": "provider[\"registry.terraform.io/hashicorp/aws\"]",
      "instances": [
        {
          "schema_version": 1,
          "attributes": {
            "arn": "arn:aws:ec2:us-east-1:971111517348:subnet/subnet-07205244354ef5562",
            "assign_ipv6_address_on_creation": false,
            "availability_zone": "us-east-1b",
            "availability_zone_id": "use1-az2",
            "cidr_block": "10.0.30.0/24",
            "customer_owned_ipv4_pool": "",
            "enable_dns64": false,
            "enable_lni_at_device_index": 0,
            "enable_resource_name_dns_a_record_on_launch": false,
            "enable_resource_name_dns_aaaa_record_on_launch": false,
            "id": "subnet-07205244354ef5562",
            "ipv6_cidr_block": "",
            "ipv6_cidr_block_association_id": "",
            "ipv6_native": false,
            "map_customer_owned_ip_on_launch": false,
            "map_public_ip_on_launch": false,
            "outpost_arn": "",
            "owner_id": "971111517348",
            "private_dns_hostname_type_on_launch": "ip-name",
            "tags": {
              "Name": "toast-Dev-private-app-az2"
            },
            "tags_all": {
              "Name": "toast-Dev-private-app-az2"
            },
            "timeouts": null,
            "vpc_id": "vpc-01ce8045eaeab4b15"
          },
          "sensitive_attributes": [],
          "private": "eyJlMmJmYjczMC1lY2FhLTExZTYtOGY4OC0zNDM2M2JjN2M0YzAiOnsiY3JlYXRlIjo2MDAwMDAwMDAwMDAsImRlbGV0ZSI6MTIwMDAwMDAwMDAwMH0sInNjaGVtYV92ZXJzaW9uIjoiMSJ9",
          "dependencies": [
            "module.vpc.aws_vpc.vpc",
            "module.vpc.data.aws_availability_zones.available_zones"
          ]
        }
      ]
    },
    {
      "module": "module.vpc",
      "mode": "managed",
      "type": "aws_subnet",
      "name": "private_data_subnet_az1",
      "provider": "provider[\"registry.terraform.io/hashicorp/aws\"]",
      "instances": [
        {
          "schema_version": 1,
          "attributes": {
            "arn": "arn:aws:ec2:us-east-1:971111517348:subnet/subnet-09c5162cb07355e3a",
            "assign_ipv6_address_on_creation": false,
            "availability_zone": "us-east-1a",
            "availability_zone_id": "use1-az1",
            "cidr_block": "10.0.40.0/24",
            "customer_owned_ipv4_pool": "",
            "enable_dns64": false,
            "enable_lni_at_device_index": 0,
            "enable_resource_name_dns_a_record_on_launch": false,
            "enable_resource_name_dns_aaaa_record_on_launch": false,
            "id": "subnet-09c5162cb07355e3a",
            "ipv6_cidr_block": "",
            "ipv6_cidr_block_association_id": "",
            "ipv6_native": false,
            "map_customer_owned_ip_on_launch": false,
            "map_public_ip_on_launch": false,
            "outpost_arn": "",
            "owner_id": "971111517348",
            "private_dns_hostname_type_on_launch": "ip-name",
            "tags": {
              "Name": "toast-Dev-private-data-az1"
            },
            "tags_all": {
              "Name": "toast-Dev-private-data-az1"
            },
            "timeouts": null,
            "vpc_id": "vpc-01ce8045eaeab4b15"
          },
          "sensitive_attributes": [],
          "private": "eyJlMmJmYjczMC1lY2FhLTExZTYtOGY4OC0zNDM2M2JjN2M0YzAiOnsiY3JlYXRlIjo2MDAwMDAwMDAwMDAsImRlbGV0ZSI6MTIwMDAwMDAwMDAwMH0sInNjaGVtYV92ZXJzaW9uIjoiMSJ9",
          "dependencies": [
            "module.vpc.aws_vpc.vpc",
            "module.vpc.data.aws_availability_zones.available_zones"
          ]
        }
      ]
    },
    {
      "module": "module.vpc",
      "mode": "managed",
      "type": "aws_subnet",
      "name": "private_data_subnet_az2",
      "provider": "provider[\"registry.terraform.io/hashicorp/aws\"]",
      "instances": [
        {
          "schema_version": 1,
          "attributes": {
            "arn": "arn:aws:ec2:us-east-1:971111517348:subnet/subnet-02eb5145cf77b737a",
            "assign_ipv6_address_on_creation": false,
            "availability_zone": "us-east-1c",
            "availability_zone_id": "use1-az4",
            "cidr_block": "10.0.50.0/24",
            "customer_owned_ipv4_pool": "",
            "enable_dns64": false,
            "enable_lni_at_device_index": 0,
            "enable_resource_name_dns_a_record_on_launch": false,
            "enable_resource_name_dns_aaaa_record_on_launch": false,
            "id": "subnet-02eb5145cf77b737a",
            "ipv6_cidr_block": "",
            "ipv6_cidr_block_association_id": "",
            "ipv6_native": false,
            "map_customer_owned_ip_on_launch": false,
            "map_public_ip_on_launch": false,
            "outpost_arn": "",
            "owner_id": "971111517348",
            "private_dns_hostname_type_on_launch": "ip-name",
            "tags": {
              "Name": "toast-Dev-private-data-az2"
            },
            "tags_all": {
              "Name": "toast-Dev-private-data-az2"
            },
            "timeouts": null,
            "vpc_id": "vpc-01ce8045eaeab4b15"
          },
          "sensitive_attributes": [],
          "private": "eyJlMmJmYjczMC1lY2FhLTExZTYtOGY4OC0zNDM2M2JjN2M0YzAiOnsiY3JlYXRlIjo2MDAwMDAwMDAwMDAsImRlbGV0ZSI6MTIwMDAwMDAwMDAwMH0sInNjaGVtYV92ZXJzaW9uIjoiMSJ9",
          "dependencies": [
            "module.vpc.aws_vpc.vpc",
            "module.vpc.data.aws_availability_zones.available_zones"
          ]
        }
      ]
    },
    {
      "module": "module.vpc",
      "mode": "managed",
      "type": "aws_subnet",
      "name": "public_subnet_az1",
      "provider": "provider[\"registry.terraform.io/hashicorp/aws\"]",
      "instances": [
        {
          "schema_version": 1,
          "attributes": {
            "arn": "arn:aws:ec2:us-east-1:971111517348:subnet/subnet-09add024138e674b1",
            "assign_ipv6_address_on_creation": false,
            "availability_zone": "us-east-1a",
            "availability_zone_id": "use1-az1",
            "cidr_block": "10.0.0.0/24",
            "customer_owned_ipv4_pool": "",
            "enable_dns64": false,
            "enable_lni_at_device_index": 0,
            "enable_resource_name_dns_a_record_on_launch": false,
            "enable_resource_name_dns_aaaa_record_on_launch": false,
            "id": "subnet-09add024138e674b1",
            "ipv6_cidr_block": "",
            "ipv6_cidr_block_association_id": "",
            "ipv6_native": false,
            "map_customer_owned_ip_on_launch": false,
            "map_public_ip_on_launch": true,
            "outpost_arn": "",
            "owner_id": "971111517348",
            "private_dns_hostname_type_on_launch": "ip-name",
            "tags": {
              "Name": "toast-Dev-public-az1"
            },
            "tags_all": {
              "Name": "toast-Dev-public-az1"
            },
            "timeouts": null,
            "vpc_id": "vpc-01ce8045eaeab4b15"
          },
          "sensitive_attributes": [],
          "private": "eyJlMmJmYjczMC1lY2FhLTExZTYtOGY4OC0zNDM2M2JjN2M0YzAiOnsiY3JlYXRlIjo2MDAwMDAwMDAwMDAsImRlbGV0ZSI6MTIwMDAwMDAwMDAwMH0sInNjaGVtYV92ZXJzaW9uIjoiMSJ9",
          "dependencies": [
            "module.vpc.aws_vpc.vpc",
            "module.vpc.data.aws_availability_zones.available_zones"
          ]
        }
      ]
    },
    {
      "module": "module.vpc",
      "mode": "managed",
      "type": "aws_subnet",
      "name": "public_subnet_az2",
      "provider": "provider[\"registry.terraform.io/hashicorp/aws\"]",
      "instances": [
        {
          "schema_version": 1,
          "attributes": {
            "arn": "arn:aws:ec2:us-east-1:971111517348:subnet/subnet-06d1f3b3f000cab80",
            "assign_ipv6_address_on_creation": false,
            "availability_zone": "us-east-1b",
            "availability_zone_id": "use1-az2",
            "cidr_block": "10.0.10.0/24",
            "customer_owned_ipv4_pool": "",
            "enable_dns64": false,
            "enable_lni_at_device_index": 0,
            "enable_resource_name_dns_a_record_on_launch": false,
            "enable_resource_name_dns_aaaa_record_on_launch": false,
            "id": "subnet-06d1f3b3f000cab80",
            "ipv6_cidr_block": "",
            "ipv6_cidr_block_association_id": "",
            "ipv6_native": false,
            "map_customer_owned_ip_on_launch": false,
            "map_public_ip_on_launch": true,
            "outpost_arn": "",
            "owner_id": "971111517348",
            "private_dns_hostname_type_on_launch": "ip-name",
            "tags": {
              "Name": "toast-Dev-public-az2"
            },
            "tags_all": {
              "Name": "toast-Dev-public-az2"
            },
            "timeouts": null,
            "vpc_id": "vpc-01ce8045eaeab4b15"
          },
          "sensitive_attributes": [],
          "private": "eyJlMmJmYjczMC1lY2FhLTExZTYtOGY4OC0zNDM2M2JjN2M0YzAiOnsiY3JlYXRlIjo2MDAwMDAwMDAwMDAsImRlbGV0ZSI6MTIwMDAwMDAwMDAwMH0sInNjaGVtYV92ZXJzaW9uIjoiMSJ9",
          "dependencies": [
            "module.vpc.aws_vpc.vpc",
            "module.vpc.data.aws_availability_zones.available_zones"
          ]
        }
      ]
    },
    {
      "module": "module.vpc",
      "mode": "managed",
      "type": "aws_vpc",
      "name": "vpc",
      "provider": "provider[\"registry.terraform.io/hashicorp/aws\"]",
      "instances": [
        {
          "schema_version": 1,
          "attributes": {
            "arn": "arn:aws:ec2:us-east-1:971111517348:vpc/vpc-01ce8045eaeab4b15",
            "assign_generated_ipv6_cidr_block": false,
            "cidr_block": "10.0.0.0/16",
            "default_network_acl_id": "acl-02a441fe06a69035b",
            "default_route_table_id": "rtb-09f763e34ad1ccfc8",
            "default_security_group_id": "sg-04a2ef568e0863f1b",
            "dhcp_options_id": "dopt-0144398109916a788",
            "enable_dns_hostnames": true,
            "enable_dns_support": true,
            "enable_network_address_usage_metrics": false,
            "id": "vpc-01ce8045eaeab4b15",
            "instance_tenancy": "default",
            "ipv4_ipam_pool_id": null,
            "ipv4_netmask_length": null,
            "ipv6_association_id": "",
            "ipv6_cidr_block": "",
            "ipv6_cidr_block_network_border_group": "",
            "ipv6_ipam_pool_id": "",
            "ipv6_netmask_length": 0,
            "main_route_table_id": "rtb-09f763e34ad1ccfc8",
            "owner_id": "971111517348",
            "tags": {
              "Name": "toast-Dev-vpc"
            },
            "tags_all": {
              "Name": "toast-Dev-vpc"
            }
          },
          "sensitive_attributes": [],
          "private": "eyJzY2hlbWFfdmVyc2lvbiI6IjEifQ=="
        }
      ]
    }
  ],
  "check_results": null
}
